// !$*UTF8*$!
{
	archiveVersion = 1;
	classes = {
	};
	objectVersion = 48;
	objects = {

/* Begin PBXBuildFile section */
		C58091C32028BEC500BD7438 /* AppDelegate.swift in Sources */ = {isa = PBXBuildFile; fileRef = C58091C22028BEC500BD7438 /* AppDelegate.swift */; };
		C58091C82028BEC500BD7438 /* Main.storyboard in Resources */ = {isa = PBXBuildFile; fileRef = C58091C62028BEC500BD7438 /* Main.storyboard */; };
		C58091CA2028BEC500BD7438 /* Assets.xcassets in Resources */ = {isa = PBXBuildFile; fileRef = C58091C92028BEC500BD7438 /* Assets.xcassets */; };
		C58091CD2028BEC500BD7438 /* LaunchScreen.storyboard in Resources */ = {isa = PBXBuildFile; fileRef = C58091CB2028BEC500BD7438 /* LaunchScreen.storyboard */; };
		C58091D82028BEC500BD7438 /* clientTests.swift in Sources */ = {isa = PBXBuildFile; fileRef = C58091D72028BEC500BD7438 /* clientTests.swift */; };
		C58091E32028BEC500BD7438 /* clientUITests.swift in Sources */ = {isa = PBXBuildFile; fileRef = C58091E22028BEC500BD7438 /* clientUITests.swift */; };
		C58091F12028BF8600BD7438 /* Cartfile in Resources */ = {isa = PBXBuildFile; fileRef = C58091F02028BF8600BD7438 /* Cartfile */; };
		C58091F42028BFBE00BD7438 /* KeychainPasswordItem.swift in Sources */ = {isa = PBXBuildFile; fileRef = C58091F32028BFBE00BD7438 /* KeychainPasswordItem.swift */; };
		C58091F82028BFCA00BD7438 /* RealmManager.swift in Sources */ = {isa = PBXBuildFile; fileRef = C58091F62028BFCA00BD7438 /* RealmManager.swift */; };
		C58091F92028BFCA00BD7438 /* WebServicesManager.swift in Sources */ = {isa = PBXBuildFile; fileRef = C58091F72028BFCA00BD7438 /* WebServicesManager.swift */; };
		C58091FE2028BFEC00BD7438 /* Constants.swift in Sources */ = {isa = PBXBuildFile; fileRef = C58091FB2028BFEC00BD7438 /* Constants.swift */; };
		C58091FF2028BFEC00BD7438 /* Configs.swift in Sources */ = {isa = PBXBuildFile; fileRef = C58091FC2028BFEC00BD7438 /* Configs.swift */; };
		C58092002028BFEC00BD7438 /* Color.swift in Sources */ = {isa = PBXBuildFile; fileRef = C58091FD2028BFEC00BD7438 /* Color.swift */; };
		C58092072028C0B100BD7438 /* UICollectionView+IndexPath.swift in Sources */ = {isa = PBXBuildFile; fileRef = C58092032028C0B100BD7438 /* UICollectionView+IndexPath.swift */; };
		C58092082028C0B100BD7438 /* UIColor.swift in Sources */ = {isa = PBXBuildFile; fileRef = C58092042028C0B100BD7438 /* UIColor.swift */; };
		C58092092028C0B100BD7438 /* URL.swift in Sources */ = {isa = PBXBuildFile; fileRef = C58092052028C0B100BD7438 /* URL.swift */; };
		C580920A2028C0B100BD7438 /* UIImageView.swift in Sources */ = {isa = PBXBuildFile; fileRef = C58092062028C0B100BD7438 /* UIImageView.swift */; };
		C58092122028C0E800BD7438 /* BaseViewController.swift in Sources */ = {isa = PBXBuildFile; fileRef = C580920C2028C0E800BD7438 /* BaseViewController.swift */; };
		C58092132028C0E800BD7438 /* WebViewController.swift in Sources */ = {isa = PBXBuildFile; fileRef = C580920D2028C0E800BD7438 /* WebViewController.swift */; };
		C58092142028C0E800BD7438 /* BaseNavigationController.swift in Sources */ = {isa = PBXBuildFile; fileRef = C580920E2028C0E800BD7438 /* BaseNavigationController.swift */; };
		C58092152028C0E800BD7438 /* BaseTabBarController.swift in Sources */ = {isa = PBXBuildFile; fileRef = C580920F2028C0E800BD7438 /* BaseTabBarController.swift */; };
		C58092162028C0E800BD7438 /* BaseCollectionViewCell.swift in Sources */ = {isa = PBXBuildFile; fileRef = C58092102028C0E800BD7438 /* BaseCollectionViewCell.swift */; };
		C58092172028C0E800BD7438 /* BaseTableViewCell.swift in Sources */ = {isa = PBXBuildFile; fileRef = C58092112028C0E800BD7438 /* BaseTableViewCell.swift */; };
		C580921C2028D32800BD7438 /* Master.storyboard in Resources */ = {isa = PBXBuildFile; fileRef = C580921B2028D32800BD7438 /* Master.storyboard */; };
		C58092222028D3FA00BD7438 /* Alamofire.framework in Frameworks */ = {isa = PBXBuildFile; fileRef = C580921D2028D3FA00BD7438 /* Alamofire.framework */; };
		C58092232028D3FA00BD7438 /* Realm.framework in Frameworks */ = {isa = PBXBuildFile; fileRef = C580921E2028D3FA00BD7438 /* Realm.framework */; };
		C58092242028D3FA00BD7438 /* Amplitude.framework in Frameworks */ = {isa = PBXBuildFile; fileRef = C580921F2028D3FA00BD7438 /* Amplitude.framework */; };
		C58092252028D3FA00BD7438 /* Reachability.framework in Frameworks */ = {isa = PBXBuildFile; fileRef = C58092202028D3FA00BD7438 /* Reachability.framework */; };
		C58092262028D3FA00BD7438 /* RealmSwift.framework in Frameworks */ = {isa = PBXBuildFile; fileRef = C58092212028D3FA00BD7438 /* RealmSwift.framework */; };
		C58092282028D47000BD7438 /* MasterViewController.swift in Sources */ = {isa = PBXBuildFile; fileRef = C58092272028D47000BD7438 /* MasterViewController.swift */; };
		C580922A2028D4B500BD7438 /* MasterCell.swift in Sources */ = {isa = PBXBuildFile; fileRef = C58092292028D4B500BD7438 /* MasterCell.swift */; };
		C580922C2028D4F700BD7438 /* DetailsViewController.swift in Sources */ = {isa = PBXBuildFile; fileRef = C580922B2028D4F700BD7438 /* DetailsViewController.swift */; };
		C58092302028D52D00BD7438 /* ContainerViewOneController.swift in Sources */ = {isa = PBXBuildFile; fileRef = C580922D2028D52C00BD7438 /* ContainerViewOneController.swift */; };
		C58092312028D52D00BD7438 /* ContainerViewTwoController.swift in Sources */ = {isa = PBXBuildFile; fileRef = C580922E2028D52C00BD7438 /* ContainerViewTwoController.swift */; };
		C58092322028D52D00BD7438 /* ContainerViewThreeController.swift in Sources */ = {isa = PBXBuildFile; fileRef = C580922F2028D52D00BD7438 /* ContainerViewThreeController.swift */; };
		C58092342028D72700BD7438 /* ContainerDetailsCell.swift in Sources */ = {isa = PBXBuildFile; fileRef = C58092332028D72700BD7438 /* ContainerDetailsCell.swift */; };
		C58092362028D7FE00BD7438 /* Post.swift in Sources */ = {isa = PBXBuildFile; fileRef = C58092352028D7FE00BD7438 /* Post.swift */; };
		C58092382028D99000BD7438 /* Master.xcassets in Resources */ = {isa = PBXBuildFile; fileRef = C58092372028D99000BD7438 /* Master.xcassets */; };
		C58092392028D9CB00BD7438 /* Alamofire.framework in Frameworks */ = {isa = PBXBuildFile; fileRef = C580921D2028D3FA00BD7438 /* Alamofire.framework */; };
		C580923A2028D9CB00BD7438 /* Alamofire.framework in Embed Frameworks */ = {isa = PBXBuildFile; fileRef = C580921D2028D3FA00BD7438 /* Alamofire.framework */; settings = {ATTRIBUTES = (CodeSignOnCopy, RemoveHeadersOnCopy, ); }; };
		C580923B2028D9CB00BD7438 /* Amplitude.framework in Frameworks */ = {isa = PBXBuildFile; fileRef = C580921F2028D3FA00BD7438 /* Amplitude.framework */; };
		C580923C2028D9CB00BD7438 /* Amplitude.framework in Embed Frameworks */ = {isa = PBXBuildFile; fileRef = C580921F2028D3FA00BD7438 /* Amplitude.framework */; settings = {ATTRIBUTES = (CodeSignOnCopy, RemoveHeadersOnCopy, ); }; };
		C580923D2028D9CB00BD7438 /* Reachability.framework in Frameworks */ = {isa = PBXBuildFile; fileRef = C58092202028D3FA00BD7438 /* Reachability.framework */; };
		C580923E2028D9CB00BD7438 /* Reachability.framework in Embed Frameworks */ = {isa = PBXBuildFile; fileRef = C58092202028D3FA00BD7438 /* Reachability.framework */; settings = {ATTRIBUTES = (CodeSignOnCopy, RemoveHeadersOnCopy, ); }; };
		C580923F2028D9CB00BD7438 /* Realm.framework in Frameworks */ = {isa = PBXBuildFile; fileRef = C580921E2028D3FA00BD7438 /* Realm.framework */; };
		C58092402028D9CB00BD7438 /* Realm.framework in Embed Frameworks */ = {isa = PBXBuildFile; fileRef = C580921E2028D3FA00BD7438 /* Realm.framework */; settings = {ATTRIBUTES = (CodeSignOnCopy, RemoveHeadersOnCopy, ); }; };
		C58092412028D9CB00BD7438 /* RealmSwift.framework in Frameworks */ = {isa = PBXBuildFile; fileRef = C58092212028D3FA00BD7438 /* RealmSwift.framework */; };
		C58092422028D9CB00BD7438 /* RealmSwift.framework in Embed Frameworks */ = {isa = PBXBuildFile; fileRef = C58092212028D3FA00BD7438 /* RealmSwift.framework */; settings = {ATTRIBUTES = (CodeSignOnCopy, RemoveHeadersOnCopy, ); }; };
		C58092452028DA4A00BD7438 /* ContainerDetailsCell.xib in Resources */ = {isa = PBXBuildFile; fileRef = C58092442028DA4A00BD7438 /* ContainerDetailsCell.xib */; };
/* End PBXBuildFile section */

/* Begin PBXContainerItemProxy section */
		C58091D42028BEC500BD7438 /* PBXContainerItemProxy */ = {
			isa = PBXContainerItemProxy;
			containerPortal = C58091B72028BEC500BD7438 /* Project object */;
			proxyType = 1;
			remoteGlobalIDString = C58091BE2028BEC500BD7438;
			remoteInfo = client;
		};
		C58091DF2028BEC500BD7438 /* PBXContainerItemProxy */ = {
			isa = PBXContainerItemProxy;
			containerPortal = C58091B72028BEC500BD7438 /* Project object */;
			proxyType = 1;
			remoteGlobalIDString = C58091BE2028BEC500BD7438;
			remoteInfo = client;
		};
/* End PBXContainerItemProxy section */

/* Begin PBXCopyFilesBuildPhase section */
		C58092432028D9CB00BD7438 /* Embed Frameworks */ = {
			isa = PBXCopyFilesBuildPhase;
			buildActionMask = 2147483647;
			dstPath = "";
			dstSubfolderSpec = 10;
			files = (
				C58092402028D9CB00BD7438 /* Realm.framework in Embed Frameworks */,
				C58092422028D9CB00BD7438 /* RealmSwift.framework in Embed Frameworks */,
				C580923C2028D9CB00BD7438 /* Amplitude.framework in Embed Frameworks */,
				C580923E2028D9CB00BD7438 /* Reachability.framework in Embed Frameworks */,
				C580923A2028D9CB00BD7438 /* Alamofire.framework in Embed Frameworks */,
			);
			name = "Embed Frameworks";
			runOnlyForDeploymentPostprocessing = 0;
		};
/* End PBXCopyFilesBuildPhase section */

/* Begin PBXFileReference section */
		C58091BF2028BEC500BD7438 /* client.app */ = {isa = PBXFileReference; explicitFileType = wrapper.application; includeInIndex = 0; path = client.app; sourceTree = BUILT_PRODUCTS_DIR; };
		C58091C22028BEC500BD7438 /* AppDelegate.swift */ = {isa = PBXFileReference; lastKnownFileType = sourcecode.swift; path = AppDelegate.swift; sourceTree = "<group>"; };
		C58091C72028BEC500BD7438 /* Base */ = {isa = PBXFileReference; lastKnownFileType = file.storyboard; name = Base; path = Base.lproj/Main.storyboard; sourceTree = "<group>"; };
		C58091C92028BEC500BD7438 /* Assets.xcassets */ = {isa = PBXFileReference; lastKnownFileType = folder.assetcatalog; path = Assets.xcassets; sourceTree = "<group>"; };
		C58091CC2028BEC500BD7438 /* Base */ = {isa = PBXFileReference; lastKnownFileType = file.storyboard; name = Base; path = Base.lproj/LaunchScreen.storyboard; sourceTree = "<group>"; };
		C58091CE2028BEC500BD7438 /* Info.plist */ = {isa = PBXFileReference; lastKnownFileType = text.plist.xml; path = Info.plist; sourceTree = "<group>"; };
		C58091D32028BEC500BD7438 /* clientTests.xctest */ = {isa = PBXFileReference; explicitFileType = wrapper.cfbundle; includeInIndex = 0; path = clientTests.xctest; sourceTree = BUILT_PRODUCTS_DIR; };
		C58091D72028BEC500BD7438 /* clientTests.swift */ = {isa = PBXFileReference; lastKnownFileType = sourcecode.swift; path = clientTests.swift; sourceTree = "<group>"; };
		C58091D92028BEC500BD7438 /* Info.plist */ = {isa = PBXFileReference; lastKnownFileType = text.plist.xml; path = Info.plist; sourceTree = "<group>"; };
		C58091DE2028BEC500BD7438 /* clientUITests.xctest */ = {isa = PBXFileReference; explicitFileType = wrapper.cfbundle; includeInIndex = 0; path = clientUITests.xctest; sourceTree = BUILT_PRODUCTS_DIR; };
		C58091E22028BEC500BD7438 /* clientUITests.swift */ = {isa = PBXFileReference; lastKnownFileType = sourcecode.swift; path = clientUITests.swift; sourceTree = "<group>"; };
		C58091E42028BEC500BD7438 /* Info.plist */ = {isa = PBXFileReference; lastKnownFileType = text.plist.xml; path = Info.plist; sourceTree = "<group>"; };
		C58091F02028BF8600BD7438 /* Cartfile */ = {isa = PBXFileReference; lastKnownFileType = text; path = Cartfile; sourceTree = "<group>"; };
		C58091F32028BFBE00BD7438 /* KeychainPasswordItem.swift */ = {isa = PBXFileReference; fileEncoding = 4; lastKnownFileType = sourcecode.swift; path = KeychainPasswordItem.swift; sourceTree = "<group>"; };
		C58091F62028BFCA00BD7438 /* RealmManager.swift */ = {isa = PBXFileReference; fileEncoding = 4; lastKnownFileType = sourcecode.swift; path = RealmManager.swift; sourceTree = "<group>"; };
		C58091F72028BFCA00BD7438 /* WebServicesManager.swift */ = {isa = PBXFileReference; fileEncoding = 4; lastKnownFileType = sourcecode.swift; path = WebServicesManager.swift; sourceTree = "<group>"; };
		C58091FB2028BFEC00BD7438 /* Constants.swift */ = {isa = PBXFileReference; fileEncoding = 4; lastKnownFileType = sourcecode.swift; path = Constants.swift; sourceTree = "<group>"; };
		C58091FC2028BFEC00BD7438 /* Configs.swift */ = {isa = PBXFileReference; fileEncoding = 4; lastKnownFileType = sourcecode.swift; path = Configs.swift; sourceTree = "<group>"; };
		C58091FD2028BFEC00BD7438 /* Color.swift */ = {isa = PBXFileReference; fileEncoding = 4; lastKnownFileType = sourcecode.swift; path = Color.swift; sourceTree = "<group>"; };
		C58092012028C03000BD7438 /* client.entitlements */ = {isa = PBXFileReference; lastKnownFileType = text.plist.entitlements; path = client.entitlements; sourceTree = "<group>"; };
		C58092032028C0B100BD7438 /* UICollectionView+IndexPath.swift */ = {isa = PBXFileReference; fileEncoding = 4; lastKnownFileType = sourcecode.swift; path = "UICollectionView+IndexPath.swift"; sourceTree = "<group>"; };
		C58092042028C0B100BD7438 /* UIColor.swift */ = {isa = PBXFileReference; fileEncoding = 4; lastKnownFileType = sourcecode.swift; path = UIColor.swift; sourceTree = "<group>"; };
		C58092052028C0B100BD7438 /* URL.swift */ = {isa = PBXFileReference; fileEncoding = 4; lastKnownFileType = sourcecode.swift; path = URL.swift; sourceTree = "<group>"; };
		C58092062028C0B100BD7438 /* UIImageView.swift */ = {isa = PBXFileReference; fileEncoding = 4; lastKnownFileType = sourcecode.swift; path = UIImageView.swift; sourceTree = "<group>"; };
		C580920C2028C0E800BD7438 /* BaseViewController.swift */ = {isa = PBXFileReference; fileEncoding = 4; lastKnownFileType = sourcecode.swift; path = BaseViewController.swift; sourceTree = "<group>"; };
		C580920D2028C0E800BD7438 /* WebViewController.swift */ = {isa = PBXFileReference; fileEncoding = 4; lastKnownFileType = sourcecode.swift; path = WebViewController.swift; sourceTree = "<group>"; };
		C580920E2028C0E800BD7438 /* BaseNavigationController.swift */ = {isa = PBXFileReference; fileEncoding = 4; lastKnownFileType = sourcecode.swift; path = BaseNavigationController.swift; sourceTree = "<group>"; };
		C580920F2028C0E800BD7438 /* BaseTabBarController.swift */ = {isa = PBXFileReference; fileEncoding = 4; lastKnownFileType = sourcecode.swift; path = BaseTabBarController.swift; sourceTree = "<group>"; };
		C58092102028C0E800BD7438 /* BaseCollectionViewCell.swift */ = {isa = PBXFileReference; fileEncoding = 4; lastKnownFileType = sourcecode.swift; path = BaseCollectionViewCell.swift; sourceTree = "<group>"; };
		C58092112028C0E800BD7438 /* BaseTableViewCell.swift */ = {isa = PBXFileReference; fileEncoding = 4; lastKnownFileType = sourcecode.swift; path = BaseTableViewCell.swift; sourceTree = "<group>"; };
		C580921B2028D32800BD7438 /* Master.storyboard */ = {isa = PBXFileReference; lastKnownFileType = file.storyboard; path = Master.storyboard; sourceTree = "<group>"; };
		C580921D2028D3FA00BD7438 /* Alamofire.framework */ = {isa = PBXFileReference; lastKnownFileType = wrapper.framework; name = Alamofire.framework; path = Carthage/Build/iOS/Alamofire.framework; sourceTree = "<group>"; };
		C580921E2028D3FA00BD7438 /* Realm.framework */ = {isa = PBXFileReference; lastKnownFileType = wrapper.framework; name = Realm.framework; path = Carthage/Build/iOS/Realm.framework; sourceTree = "<group>"; };
		C580921F2028D3FA00BD7438 /* Amplitude.framework */ = {isa = PBXFileReference; lastKnownFileType = wrapper.framework; name = Amplitude.framework; path = Carthage/Build/iOS/Amplitude.framework; sourceTree = "<group>"; };
		C58092202028D3FA00BD7438 /* Reachability.framework */ = {isa = PBXFileReference; lastKnownFileType = wrapper.framework; name = Reachability.framework; path = Carthage/Build/iOS/Reachability.framework; sourceTree = "<group>"; };
		C58092212028D3FA00BD7438 /* RealmSwift.framework */ = {isa = PBXFileReference; lastKnownFileType = wrapper.framework; name = RealmSwift.framework; path = Carthage/Build/iOS/RealmSwift.framework; sourceTree = "<group>"; };
		C58092272028D47000BD7438 /* MasterViewController.swift */ = {isa = PBXFileReference; lastKnownFileType = sourcecode.swift; path = MasterViewController.swift; sourceTree = "<group>"; };
		C58092292028D4B500BD7438 /* MasterCell.swift */ = {isa = PBXFileReference; lastKnownFileType = sourcecode.swift; path = MasterCell.swift; sourceTree = "<group>"; };
		C580922B2028D4F700BD7438 /* DetailsViewController.swift */ = {isa = PBXFileReference; lastKnownFileType = sourcecode.swift; path = DetailsViewController.swift; sourceTree = "<group>"; };
		C580922D2028D52C00BD7438 /* ContainerViewOneController.swift */ = {isa = PBXFileReference; fileEncoding = 4; lastKnownFileType = sourcecode.swift; path = ContainerViewOneController.swift; sourceTree = "<group>"; };
		C580922E2028D52C00BD7438 /* ContainerViewTwoController.swift */ = {isa = PBXFileReference; fileEncoding = 4; lastKnownFileType = sourcecode.swift; path = ContainerViewTwoController.swift; sourceTree = "<group>"; };
		C580922F2028D52D00BD7438 /* ContainerViewThreeController.swift */ = {isa = PBXFileReference; fileEncoding = 4; lastKnownFileType = sourcecode.swift; path = ContainerViewThreeController.swift; sourceTree = "<group>"; };
		C58092332028D72700BD7438 /* ContainerDetailsCell.swift */ = {isa = PBXFileReference; lastKnownFileType = sourcecode.swift; path = ContainerDetailsCell.swift; sourceTree = "<group>"; };
		C58092352028D7FE00BD7438 /* Post.swift */ = {isa = PBXFileReference; lastKnownFileType = sourcecode.swift; path = Post.swift; sourceTree = "<group>"; };
		C58092372028D99000BD7438 /* Master.xcassets */ = {isa = PBXFileReference; lastKnownFileType = folder.assetcatalog; path = Master.xcassets; sourceTree = "<group>"; };
		C58092442028DA4A00BD7438 /* ContainerDetailsCell.xib */ = {isa = PBXFileReference; lastKnownFileType = file.xib; path = ContainerDetailsCell.xib; sourceTree = "<group>"; };
/* End PBXFileReference section */

/* Begin PBXFrameworksBuildPhase section */
		C58091BC2028BEC500BD7438 /* Frameworks */ = {
			isa = PBXFrameworksBuildPhase;
			buildActionMask = 2147483647;
			files = (
				C580923F2028D9CB00BD7438 /* Realm.framework in Frameworks */,
				C58092232028D3FA00BD7438 /* Realm.framework in Frameworks */,
				C58092392028D9CB00BD7438 /* Alamofire.framework in Frameworks */,
				C580923B2028D9CB00BD7438 /* Amplitude.framework in Frameworks */,
				C580923D2028D9CB00BD7438 /* Reachability.framework in Frameworks */,
				C58092262028D3FA00BD7438 /* RealmSwift.framework in Frameworks */,
				C58092412028D9CB00BD7438 /* RealmSwift.framework in Frameworks */,
				C58092222028D3FA00BD7438 /* Alamofire.framework in Frameworks */,
				C58092242028D3FA00BD7438 /* Amplitude.framework in Frameworks */,
				C58092252028D3FA00BD7438 /* Reachability.framework in Frameworks */,
			);
			runOnlyForDeploymentPostprocessing = 0;
		};
		C58091D02028BEC500BD7438 /* Frameworks */ = {
			isa = PBXFrameworksBuildPhase;
			buildActionMask = 2147483647;
			files = (
			);
			runOnlyForDeploymentPostprocessing = 0;
		};
		C58091DB2028BEC500BD7438 /* Frameworks */ = {
			isa = PBXFrameworksBuildPhase;
			buildActionMask = 2147483647;
			files = (
			);
			runOnlyForDeploymentPostprocessing = 0;
		};
/* End PBXFrameworksBuildPhase section */

/* Begin PBXGroup section */
		C58091B62028BEC500BD7438 = {
			isa = PBXGroup;
			children = (
				C580921D2028D3FA00BD7438 /* Alamofire.framework */,
				C580921F2028D3FA00BD7438 /* Amplitude.framework */,
				C58092202028D3FA00BD7438 /* Reachability.framework */,
				C580921E2028D3FA00BD7438 /* Realm.framework */,
				C58092212028D3FA00BD7438 /* RealmSwift.framework */,
				C58091F02028BF8600BD7438 /* Cartfile */,
				C58091C12028BEC500BD7438 /* client */,
				C58091D62028BEC500BD7438 /* clientTests */,
				C58091E12028BEC500BD7438 /* clientUITests */,
				C58091C02028BEC500BD7438 /* Products */,
				C58091F22028BFBE00BD7438 /* Vendor */,
				C58091F52028BFCA00BD7438 /* Lib */,
				C58091FA2028BFEC00BD7438 /* Configs */,
				C58092022028C0B100BD7438 /* Helpers */,
			);
			sourceTree = "<group>";
		};
		C58091C02028BEC500BD7438 /* Products */ = {
			isa = PBXGroup;
			children = (
				C58091BF2028BEC500BD7438 /* client.app */,
				C58091D32028BEC500BD7438 /* clientTests.xctest */,
				C58091DE2028BEC500BD7438 /* clientUITests.xctest */,
			);
			name = Products;
			sourceTree = "<group>";
		};
		C58091C12028BEC500BD7438 /* client */ = {
			isa = PBXGroup;
			children = (
				C580921A2028D2B400BD7438 /* Master&Detail */,
				C580920B2028C0D900BD7438 /* App */,
				C58092012028C03000BD7438 /* client.entitlements */,
			);
			path = client;
			sourceTree = "<group>";
		};
		C58091D62028BEC500BD7438 /* clientTests */ = {
			isa = PBXGroup;
			children = (
				C58091D72028BEC500BD7438 /* clientTests.swift */,
				C58091D92028BEC500BD7438 /* Info.plist */,
			);
			path = clientTests;
			sourceTree = "<group>";
		};
		C58091E12028BEC500BD7438 /* clientUITests */ = {
			isa = PBXGroup;
			children = (
				C58091E22028BEC500BD7438 /* clientUITests.swift */,
				C58091E42028BEC500BD7438 /* Info.plist */,
			);
			path = clientUITests;
			sourceTree = "<group>";
		};
		C58091F22028BFBE00BD7438 /* Vendor */ = {
			isa = PBXGroup;
			children = (
				C58091F32028BFBE00BD7438 /* KeychainPasswordItem.swift */,
			);
			path = Vendor;
			sourceTree = "<group>";
		};
		C58091F52028BFCA00BD7438 /* Lib */ = {
			isa = PBXGroup;
			children = (
				C58091F62028BFCA00BD7438 /* RealmManager.swift */,
				C58091F72028BFCA00BD7438 /* WebServicesManager.swift */,
			);
			path = Lib;
			sourceTree = "<group>";
		};
		C58091FA2028BFEC00BD7438 /* Configs */ = {
			isa = PBXGroup;
			children = (
				C58091FB2028BFEC00BD7438 /* Constants.swift */,
				C58091FC2028BFEC00BD7438 /* Configs.swift */,
				C58091FD2028BFEC00BD7438 /* Color.swift */,
			);
			path = Configs;
			sourceTree = "<group>";
		};
		C58092022028C0B100BD7438 /* Helpers */ = {
			isa = PBXGroup;
			children = (
				C58092032028C0B100BD7438 /* UICollectionView+IndexPath.swift */,
				C58092042028C0B100BD7438 /* UIColor.swift */,
				C58092052028C0B100BD7438 /* URL.swift */,
				C58092062028C0B100BD7438 /* UIImageView.swift */,
			);
			path = Helpers;
			sourceTree = "<group>";
		};
		C580920B2028C0D900BD7438 /* App */ = {
			isa = PBXGroup;
			children = (
				C58092102028C0E800BD7438 /* BaseCollectionViewCell.swift */,
				C580920E2028C0E800BD7438 /* BaseNavigationController.swift */,
				C580920F2028C0E800BD7438 /* BaseTabBarController.swift */,
				C58091C22028BEC500BD7438 /* AppDelegate.swift */,
				C58092112028C0E800BD7438 /* BaseTableViewCell.swift */,
				C580920C2028C0E800BD7438 /* BaseViewController.swift */,
				C58091CE2028BEC500BD7438 /* Info.plist */,
				C58091C92028BEC500BD7438 /* Assets.xcassets */,
				C580920D2028C0E800BD7438 /* WebViewController.swift */,
				C58091CB2028BEC500BD7438 /* LaunchScreen.storyboard */,
				C58091C62028BEC500BD7438 /* Main.storyboard */,
			);
			path = App;
			sourceTree = "<group>";
		};
		C580921A2028D2B400BD7438 /* Master&Detail */ = {
			isa = PBXGroup;
			children = (
				C580922D2028D52C00BD7438 /* ContainerViewOneController.swift */,
				C580922F2028D52D00BD7438 /* ContainerViewThreeController.swift */,
				C580922E2028D52C00BD7438 /* ContainerViewTwoController.swift */,
				C580922B2028D4F700BD7438 /* DetailsViewController.swift */,
				C580921B2028D32800BD7438 /* Master.storyboard */,
				C58092442028DA4A00BD7438 /* ContainerDetailsCell.xib */,
				C58092292028D4B500BD7438 /* MasterCell.swift */,
				C58092272028D47000BD7438 /* MasterViewController.swift */,
				C58092332028D72700BD7438 /* ContainerDetailsCell.swift */,
				C58092352028D7FE00BD7438 /* Post.swift */,
				C58092372028D99000BD7438 /* Master.xcassets */,
			);
			path = "Master&Detail";
			sourceTree = "<group>";
		};
/* End PBXGroup section */

/* Begin PBXNativeTarget section */
		C58091BE2028BEC500BD7438 /* client */ = {
			isa = PBXNativeTarget;
			buildConfigurationList = C58091E72028BEC500BD7438 /* Build configuration list for PBXNativeTarget "client" */;
			buildPhases = (
				C58091BB2028BEC500BD7438 /* Sources */,
				C58091BC2028BEC500BD7438 /* Frameworks */,
				C58091BD2028BEC500BD7438 /* Resources */,
				C58092432028D9CB00BD7438 /* Embed Frameworks */,
			);
			buildRules = (
			);
			dependencies = (
			);
			name = client;
			productName = client;
			productReference = C58091BF2028BEC500BD7438 /* client.app */;
			productType = "com.apple.product-type.application";
		};
		C58091D22028BEC500BD7438 /* clientTests */ = {
			isa = PBXNativeTarget;
			buildConfigurationList = C58091EA2028BEC500BD7438 /* Build configuration list for PBXNativeTarget "clientTests" */;
			buildPhases = (
				C58091CF2028BEC500BD7438 /* Sources */,
				C58091D02028BEC500BD7438 /* Frameworks */,
				C58091D12028BEC500BD7438 /* Resources */,
			);
			buildRules = (
			);
			dependencies = (
				C58091D52028BEC500BD7438 /* PBXTargetDependency */,
			);
			name = clientTests;
			productName = clientTests;
			productReference = C58091D32028BEC500BD7438 /* clientTests.xctest */;
			productType = "com.apple.product-type.bundle.unit-test";
		};
		C58091DD2028BEC500BD7438 /* clientUITests */ = {
			isa = PBXNativeTarget;
			buildConfigurationList = C58091ED2028BEC500BD7438 /* Build configuration list for PBXNativeTarget "clientUITests" */;
			buildPhases = (
				C58091DA2028BEC500BD7438 /* Sources */,
				C58091DB2028BEC500BD7438 /* Frameworks */,
				C58091DC2028BEC500BD7438 /* Resources */,
			);
			buildRules = (
			);
			dependencies = (
				C58091E02028BEC500BD7438 /* PBXTargetDependency */,
			);
			name = clientUITests;
			productName = clientUITests;
			productReference = C58091DE2028BEC500BD7438 /* clientUITests.xctest */;
			productType = "com.apple.product-type.bundle.ui-testing";
		};
/* End PBXNativeTarget section */

/* Begin PBXProject section */
		C58091B72028BEC500BD7438 /* Project object */ = {
			isa = PBXProject;
			attributes = {
				LastSwiftUpdateCheck = 0920;
				LastUpgradeCheck = 0920;
				ORGANIZATIONNAME = odinternational;
				TargetAttributes = {
					C58091BE2028BEC500BD7438 = {
						CreatedOnToolsVersion = 9.2;
						ProvisioningStyle = Automatic;
						SystemCapabilities = {
							com.apple.BackgroundModes = {
								enabled = 1;
							};
							com.apple.Keychain = {
								enabled = 1;
							};
							com.apple.Push = {
								enabled = 1;
							};
						};
					};
					C58091D22028BEC500BD7438 = {
						CreatedOnToolsVersion = 9.2;
						ProvisioningStyle = Automatic;
						TestTargetID = C58091BE2028BEC500BD7438;
					};
					C58091DD2028BEC500BD7438 = {
						CreatedOnToolsVersion = 9.2;
						ProvisioningStyle = Automatic;
						TestTargetID = C58091BE2028BEC500BD7438;
					};
				};
			};
			buildConfigurationList = C58091BA2028BEC500BD7438 /* Build configuration list for PBXProject "client" */;
			compatibilityVersion = "Xcode 8.0";
			developmentRegion = en;
			hasScannedForEncodings = 0;
			knownRegions = (
				en,
				Base,
			);
			mainGroup = C58091B62028BEC500BD7438;
			productRefGroup = C58091C02028BEC500BD7438 /* Products */;
			projectDirPath = "";
			projectRoot = "";
			targets = (
				C58091BE2028BEC500BD7438 /* client */,
				C58091D22028BEC500BD7438 /* clientTests */,
				C58091DD2028BEC500BD7438 /* clientUITests */,
			);
		};
/* End PBXProject section */

/* Begin PBXResourcesBuildPhase section */
		C58091BD2028BEC500BD7438 /* Resources */ = {
			isa = PBXResourcesBuildPhase;
			buildActionMask = 2147483647;
			files = (
				C58091CD2028BEC500BD7438 /* LaunchScreen.storyboard in Resources */,
				C58092382028D99000BD7438 /* Master.xcassets in Resources */,
				C58091CA2028BEC500BD7438 /* Assets.xcassets in Resources */,
				C58092452028DA4A00BD7438 /* ContainerDetailsCell.xib in Resources */,
				C58091F12028BF8600BD7438 /* Cartfile in Resources */,
				C580921C2028D32800BD7438 /* Master.storyboard in Resources */,
				C58091C82028BEC500BD7438 /* Main.storyboard in Resources */,
			);
			runOnlyForDeploymentPostprocessing = 0;
		};
		C58091D12028BEC500BD7438 /* Resources */ = {
			isa = PBXResourcesBuildPhase;
			buildActionMask = 2147483647;
			files = (
			);
			runOnlyForDeploymentPostprocessing = 0;
		};
		C58091DC2028BEC500BD7438 /* Resources */ = {
			isa = PBXResourcesBuildPhase;
			buildActionMask = 2147483647;
			files = (
			);
			runOnlyForDeploymentPostprocessing = 0;
		};
/* End PBXResourcesBuildPhase section */

/* Begin PBXSourcesBuildPhase section */
		C58091BB2028BEC500BD7438 /* Sources */ = {
			isa = PBXSourcesBuildPhase;
			buildActionMask = 2147483647;
			files = (
				C58092152028C0E800BD7438 /* BaseTabBarController.swift in Sources */,
				C58092122028C0E800BD7438 /* BaseViewController.swift in Sources */,
				C58091F82028BFCA00BD7438 /* RealmManager.swift in Sources */,
				C58092172028C0E800BD7438 /* BaseTableViewCell.swift in Sources */,
				C58091F92028BFCA00BD7438 /* WebServicesManager.swift in Sources */,
				C580922A2028D4B500BD7438 /* MasterCell.swift in Sources */,
				C58092342028D72700BD7438 /* ContainerDetailsCell.swift in Sources */,
				C58092092028C0B100BD7438 /* URL.swift in Sources */,
				C58092302028D52D00BD7438 /* ContainerViewOneController.swift in Sources */,
				C58092362028D7FE00BD7438 /* Post.swift in Sources */,
				C580920A2028C0B100BD7438 /* UIImageView.swift in Sources */,
				C58092162028C0E800BD7438 /* BaseCollectionViewCell.swift in Sources */,
				C58091C32028BEC500BD7438 /* AppDelegate.swift in Sources */,
				C58092072028C0B100BD7438 /* UICollectionView+IndexPath.swift in Sources */,
				C58092142028C0E800BD7438 /* BaseNavigationController.swift in Sources */,
				C58091F42028BFBE00BD7438 /* KeychainPasswordItem.swift in Sources */,
				C58092002028BFEC00BD7438 /* Color.swift in Sources */,
				C58091FE2028BFEC00BD7438 /* Constants.swift in Sources */,
				C58092322028D52D00BD7438 /* ContainerViewThreeController.swift in Sources */,
				C58092282028D47000BD7438 /* MasterViewController.swift in Sources */,
				C58092132028C0E800BD7438 /* WebViewController.swift in Sources */,
				C58092312028D52D00BD7438 /* ContainerViewTwoController.swift in Sources */,
				C58091FF2028BFEC00BD7438 /* Configs.swift in Sources */,
				C58092082028C0B100BD7438 /* UIColor.swift in Sources */,
				C580922C2028D4F700BD7438 /* DetailsViewController.swift in Sources */,
			);
			runOnlyForDeploymentPostprocessing = 0;
		};
		C58091CF2028BEC500BD7438 /* Sources */ = {
			isa = PBXSourcesBuildPhase;
			buildActionMask = 2147483647;
			files = (
				C58091D82028BEC500BD7438 /* clientTests.swift in Sources */,
			);
			runOnlyForDeploymentPostprocessing = 0;
		};
		C58091DA2028BEC500BD7438 /* Sources */ = {
			isa = PBXSourcesBuildPhase;
			buildActionMask = 2147483647;
			files = (
				C58091E32028BEC500BD7438 /* clientUITests.swift in Sources */,
			);
			runOnlyForDeploymentPostprocessing = 0;
		};
/* End PBXSourcesBuildPhase section */

/* Begin PBXTargetDependency section */
		C58091D52028BEC500BD7438 /* PBXTargetDependency */ = {
			isa = PBXTargetDependency;
			target = C58091BE2028BEC500BD7438 /* client */;
			targetProxy = C58091D42028BEC500BD7438 /* PBXContainerItemProxy */;
		};
		C58091E02028BEC500BD7438 /* PBXTargetDependency */ = {
			isa = PBXTargetDependency;
			target = C58091BE2028BEC500BD7438 /* client */;
			targetProxy = C58091DF2028BEC500BD7438 /* PBXContainerItemProxy */;
		};
/* End PBXTargetDependency section */

/* Begin PBXVariantGroup section */
		C58091C62028BEC500BD7438 /* Main.storyboard */ = {
			isa = PBXVariantGroup;
			children = (
				C58091C72028BEC500BD7438 /* Base */,
			);
			name = Main.storyboard;
			sourceTree = "<group>";
		};
		C58091CB2028BEC500BD7438 /* LaunchScreen.storyboard */ = {
			isa = PBXVariantGroup;
			children = (
				C58091CC2028BEC500BD7438 /* Base */,
			);
			name = LaunchScreen.storyboard;
			sourceTree = "<group>";
		};
/* End PBXVariantGroup section */

/* Begin XCBuildConfiguration section */
		C58091E52028BEC500BD7438 /* Debug */ = {
			isa = XCBuildConfiguration;
			buildSettings = {
				ALWAYS_SEARCH_USER_PATHS = NO;
				CLANG_ANALYZER_NONNULL = YES;
				CLANG_ANALYZER_NUMBER_OBJECT_CONVERSION = YES_AGGRESSIVE;
				CLANG_CXX_LANGUAGE_STANDARD = "gnu++14";
				CLANG_CXX_LIBRARY = "libc++";
				CLANG_ENABLE_MODULES = YES;
				CLANG_ENABLE_OBJC_ARC = YES;
				CLANG_WARN_BLOCK_CAPTURE_AUTORELEASING = YES;
				CLANG_WARN_BOOL_CONVERSION = YES;
				CLANG_WARN_COMMA = YES;
				CLANG_WARN_CONSTANT_CONVERSION = YES;
				CLANG_WARN_DIRECT_OBJC_ISA_USAGE = YES_ERROR;
				CLANG_WARN_DOCUMENTATION_COMMENTS = YES;
				CLANG_WARN_EMPTY_BODY = YES;
				CLANG_WARN_ENUM_CONVERSION = YES;
				CLANG_WARN_INFINITE_RECURSION = YES;
				CLANG_WARN_INT_CONVERSION = YES;
				CLANG_WARN_NON_LITERAL_NULL_CONVERSION = YES;
				CLANG_WARN_OBJC_LITERAL_CONVERSION = YES;
				CLANG_WARN_OBJC_ROOT_CLASS = YES_ERROR;
				CLANG_WARN_RANGE_LOOP_ANALYSIS = YES;
				CLANG_WARN_STRICT_PROTOTYPES = YES;
				CLANG_WARN_SUSPICIOUS_MOVE = YES;
				CLANG_WARN_UNGUARDED_AVAILABILITY = YES_AGGRESSIVE;
				CLANG_WARN_UNREACHABLE_CODE = YES;
				CLANG_WARN__DUPLICATE_METHOD_MATCH = YES;
				CODE_SIGN_IDENTITY = "iPhone Developer";
				COPY_PHASE_STRIP = NO;
				DEBUG_INFORMATION_FORMAT = dwarf;
				ENABLE_STRICT_OBJC_MSGSEND = YES;
				ENABLE_TESTABILITY = YES;
				GCC_C_LANGUAGE_STANDARD = gnu11;
				GCC_DYNAMIC_NO_PIC = NO;
				GCC_NO_COMMON_BLOCKS = YES;
				GCC_OPTIMIZATION_LEVEL = 0;
				GCC_PREPROCESSOR_DEFINITIONS = (
					"DEBUG=1",
					"$(inherited)",
				);
				GCC_WARN_64_TO_32_BIT_CONVERSION = YES;
				GCC_WARN_ABOUT_RETURN_TYPE = YES_ERROR;
				GCC_WARN_UNDECLARED_SELECTOR = YES;
				GCC_WARN_UNINITIALIZED_AUTOS = YES_AGGRESSIVE;
				GCC_WARN_UNUSED_FUNCTION = YES;
				GCC_WARN_UNUSED_VARIABLE = YES;
				IPHONEOS_DEPLOYMENT_TARGET = 11.2;
				MTL_ENABLE_DEBUG_INFO = YES;
				ONLY_ACTIVE_ARCH = YES;
				SDKROOT = iphoneos;
				SWIFT_ACTIVE_COMPILATION_CONDITIONS = DEBUG;
				SWIFT_OPTIMIZATION_LEVEL = "-Onone";
			};
			name = Debug;
		};
		C58091E62028BEC500BD7438 /* Release */ = {
			isa = XCBuildConfiguration;
			buildSettings = {
				ALWAYS_SEARCH_USER_PATHS = NO;
				CLANG_ANALYZER_NONNULL = YES;
				CLANG_ANALYZER_NUMBER_OBJECT_CONVERSION = YES_AGGRESSIVE;
				CLANG_CXX_LANGUAGE_STANDARD = "gnu++14";
				CLANG_CXX_LIBRARY = "libc++";
				CLANG_ENABLE_MODULES = YES;
				CLANG_ENABLE_OBJC_ARC = YES;
				CLANG_WARN_BLOCK_CAPTURE_AUTORELEASING = YES;
				CLANG_WARN_BOOL_CONVERSION = YES;
				CLANG_WARN_COMMA = YES;
				CLANG_WARN_CONSTANT_CONVERSION = YES;
				CLANG_WARN_DIRECT_OBJC_ISA_USAGE = YES_ERROR;
				CLANG_WARN_DOCUMENTATION_COMMENTS = YES;
				CLANG_WARN_EMPTY_BODY = YES;
				CLANG_WARN_ENUM_CONVERSION = YES;
				CLANG_WARN_INFINITE_RECURSION = YES;
				CLANG_WARN_INT_CONVERSION = YES;
				CLANG_WARN_NON_LITERAL_NULL_CONVERSION = YES;
				CLANG_WARN_OBJC_LITERAL_CONVERSION = YES;
				CLANG_WARN_OBJC_ROOT_CLASS = YES_ERROR;
				CLANG_WARN_RANGE_LOOP_ANALYSIS = YES;
				CLANG_WARN_STRICT_PROTOTYPES = YES;
				CLANG_WARN_SUSPICIOUS_MOVE = YES;
				CLANG_WARN_UNGUARDED_AVAILABILITY = YES_AGGRESSIVE;
				CLANG_WARN_UNREACHABLE_CODE = YES;
				CLANG_WARN__DUPLICATE_METHOD_MATCH = YES;
				CODE_SIGN_IDENTITY = "iPhone Developer";
				COPY_PHASE_STRIP = NO;
				DEBUG_INFORMATION_FORMAT = "dwarf-with-dsym";
				ENABLE_NS_ASSERTIONS = NO;
				ENABLE_STRICT_OBJC_MSGSEND = YES;
				GCC_C_LANGUAGE_STANDARD = gnu11;
				GCC_NO_COMMON_BLOCKS = YES;
				GCC_WARN_64_TO_32_BIT_CONVERSION = YES;
				GCC_WARN_ABOUT_RETURN_TYPE = YES_ERROR;
				GCC_WARN_UNDECLARED_SELECTOR = YES;
				GCC_WARN_UNINITIALIZED_AUTOS = YES_AGGRESSIVE;
				GCC_WARN_UNUSED_FUNCTION = YES;
				GCC_WARN_UNUSED_VARIABLE = YES;
				IPHONEOS_DEPLOYMENT_TARGET = 11.2;
				MTL_ENABLE_DEBUG_INFO = NO;
				SDKROOT = iphoneos;
				SWIFT_OPTIMIZATION_LEVEL = "-Owholemodule";
				VALIDATE_PRODUCT = YES;
			};
			name = Release;
		};
		C58091E82028BEC500BD7438 /* Debug */ = {
			isa = XCBuildConfiguration;
			buildSettings = {
				ASSETCATALOG_COMPILER_APPICON_NAME = AppIcon;
				CODE_SIGN_ENTITLEMENTS = client/client.entitlements;
				CODE_SIGN_STYLE = Automatic;
				DEVELOPMENT_TEAM = P35AQV2SNV;
				FRAMEWORK_SEARCH_PATHS = (
					"$(inherited)",
					"$(PROJECT_DIR)/Carthage/Build/iOS",
				);
				INFOPLIST_FILE = "$(SRCROOT)/client/App/Info.plist";
				LD_RUNPATH_SEARCH_PATHS = "$(inherited) @executable_path/Frameworks";
				PRODUCT_BUNDLE_IDENTIFIER = com.odinternational.client;
				PRODUCT_NAME = "$(TARGET_NAME)";
				SWIFT_VERSION = 4.0;
				TARGETED_DEVICE_FAMILY = "1,2";
			};
			name = Debug;
		};
		C58091E92028BEC500BD7438 /* Release */ = {
			isa = XCBuildConfiguration;
			buildSettings = {
				ASSETCATALOG_COMPILER_APPICON_NAME = AppIcon;
				CODE_SIGN_ENTITLEMENTS = client/client.entitlements;
				CODE_SIGN_STYLE = Automatic;
				DEVELOPMENT_TEAM = P35AQV2SNV;
				FRAMEWORK_SEARCH_PATHS = (
					"$(inherited)",
					"$(PROJECT_DIR)/Carthage/Build/iOS",
				);
				INFOPLIST_FILE = "$(SRCROOT)/client/App/Info.plist";
				LD_RUNPATH_SEARCH_PATHS = "$(inherited) @executable_path/Frameworks";
				PRODUCT_BUNDLE_IDENTIFIER = com.odinternational.client;
				PRODUCT_NAME = "$(TARGET_NAME)";
				SWIFT_VERSION = 4.0;
				TARGETED_DEVICE_FAMILY = "1,2";
			};
			name = Release;
		};
		C58091EB2028BEC500BD7438 /* Debug */ = {
			isa = XCBuildConfiguration;
			buildSettings = {
				ALWAYS_EMBED_SWIFT_STANDARD_LIBRARIES = YES;
				BUNDLE_LOADER = "$(TEST_HOST)";
				CODE_SIGN_STYLE = Automatic;
				DEVELOPMENT_TEAM = P35AQV2SNV;
				INFOPLIST_FILE = clientTests/Info.plist;
				LD_RUNPATH_SEARCH_PATHS = "$(inherited) @executable_path/Frameworks @loader_path/Frameworks";
				PRODUCT_BUNDLE_IDENTIFIER = com.odinternational.clientTests;
				PRODUCT_NAME = "$(TARGET_NAME)";
				SWIFT_VERSION = 4.0;
				TARGETED_DEVICE_FAMILY = "1,2";
				TEST_HOST = "$(BUILT_PRODUCTS_DIR)/client.app/client";
			};
			name = Debug;
		};
		C58091EC2028BEC500BD7438 /* Release */ = {
			isa = XCBuildConfiguration;
			buildSettings = {
				ALWAYS_EMBED_SWIFT_STANDARD_LIBRARIES = YES;
				BUNDLE_LOADER = "$(TEST_HOST)";
				CODE_SIGN_STYLE = Automatic;
				DEVELOPMENT_TEAM = P35AQV2SNV;
				INFOPLIST_FILE = clientTests/Info.plist;
				LD_RUNPATH_SEARCH_PATHS = "$(inherited) @executable_path/Frameworks @loader_path/Frameworks";
				PRODUCT_BUNDLE_IDENTIFIER = com.odinternational.clientTests;
				PRODUCT_NAME = "$(TARGET_NAME)";
				SWIFT_VERSION = 4.0;
				TARGETED_DEVICE_FAMILY = "1,2";
				TEST_HOST = "$(BUILT_PRODUCTS_DIR)/client.app/client";
			};
			name = Release;
		};
		C58091EE2028BEC500BD7438 /* Debug */ = {
			isa = XCBuildConfiguration;
			buildSettings = {
				ALWAYS_EMBED_SWIFT_STANDARD_LIBRARIES = YES;
				CODE_SIGN_STYLE = Automatic;
				DEVELOPMENT_TEAM = P35AQV2SNV;
				INFOPLIST_FILE = clientUITests/Info.plist;
				LD_RUNPATH_SEARCH_PATHS = "$(inherited) @executable_path/Frameworks @loader_path/Frameworks";
				PRODUCT_BUNDLE_IDENTIFIER = com.odinternational.clientUITests;
				PRODUCT_NAME = "$(TARGET_NAME)";
				SWIFT_VERSION = 4.0;
				TARGETED_DEVICE_FAMILY = "1,2";
				TEST_TARGET_NAME = client;
			};
			name = Debug;
		};
		C58091EF2028BEC500BD7438 /* Release */ = {
			isa = XCBuildConfiguration;
			buildSettings = {
				ALWAYS_EMBED_SWIFT_STANDARD_LIBRARIES = YES;
				CODE_SIGN_STYLE = Automatic;
				DEVELOPMENT_TEAM = P35AQV2SNV;
				INFOPLIST_FILE = clientUITests/Info.plist;
				LD_RUNPATH_SEARCH_PATHS = "$(inherited) @executable_path/Frameworks @loader_path/Frameworks";
				PRODUCT_BUNDLE_IDENTIFIER = com.odinternational.clientUITests;
				PRODUCT_NAME = "$(TARGET_NAME)";
				SWIFT_VERSION = 4.0;
				TARGETED_DEVICE_FAMILY = "1,2";
				TEST_TARGET_NAME = client;
			};
			name = Release;
		};
/* End XCBuildConfiguration section */

/* Begin XCConfigurationList section */
		C58091BA2028BEC500BD7438 /* Build configuration list for PBXProject "client" */ = {
			isa = XCConfigurationList;
			buildConfigurations = (
				C58091E52028BEC500BD7438 /* Debug */,
				C58091E62028BEC500BD7438 /* Release */,
			);
			defaultConfigurationIsVisible = 0;
			defaultConfigurationName = Release;
		};
		C58091E72028BEC500BD7438 /* Build configuration list for PBXNativeTarget "client" */ = {
			isa = XCConfigurationList;
			buildConfigurations = (
				C58091E82028BEC500BD7438 /* Debug */,
				C58091E92028BEC500BD7438 /* Release */,
			);
			defaultConfigurationIsVisible = 0;
			defaultConfigurationName = Release;
		};
		C58091EA2028BEC500BD7438 /* Build configuration list for PBXNativeTarget "clientTests" */ = {
			isa = XCConfigurationList;
			buildConfigurations = (
				C58091EB2028BEC500BD7438 /* Debug */,
				C58091EC2028BEC500BD7438 /* Release */,
			);
			defaultConfigurationIsVisible = 0;
			defaultConfigurationName = Release;
		};
		C58091ED2028BEC500BD7438 /* Build configuration list for PBXNativeTarget "clientUITests" */ = {
			isa = XCConfigurationList;
			buildConfigurations = (
				C58091EE2028BEC500BD7438 /* Debug */,
				C58091EF2028BEC500BD7438 /* Release */,
			);
			defaultConfigurationIsVisible = 0;
			defaultConfigurationName = Release;
		};
/* End XCConfigurationList section */
	};
	rootObject = C58091B72028BEC500BD7438 /* Project object */;
}
